{
  "name": "tiktok-live-interactive-game",
  "version": "2.0.0",
  "lockfileVersion": 3,
  "requires": true,
  "packages": {
    "": {
      "name": "tiktok-live-interactive-game",
      "version": "2.0.0",
      "dependencies": {
        "pg": "^8.11.5",
        "tiktok-live-connector": "^1.1.8"
      }
    },
    "node_modules/pg": {
      "version": "8.11.5",
      "resolved": "https://registry.npmjs.org/pg/-/pg-8.11.5.tgz",
      "integrity": "sha512-jqgZdDVctE5nvKpybylx2jbd3uCePxOUcDbdpBnfcjsBR0LoL5VO4YE2vQdZvl0OO2wLWeWzSyA0S6m88flJAQ=="
    },
    "node_modules/tiktok-live-connector": {
      "version": "1.1.8",
      "resolved": "https://registry.npmjs.org/tiktok-live-connector/-/tiktok-live-connector-1.1.8.tgz",
      "integrity": "sha512-Y30i58iJ7L8R5+u0VjD0c1hH4tKzG3Wc05u9v7r5+t4k6m8b9f+1f2=="
    }
  },
  "dependencies": {
    "pg": {
      "version": "8.11.5"
    },
    "tiktok-live-connector": {
      "version": "1.1.8"
    }
  }
}
